
Microsoft Visual Studio Solution File, Format Version 12.00
# Visual Studio Version 17
VisualStudioVersion = 17.8.34322.80
MinimumVisualStudioVersion = 10.0.40219.1
Project("{FAE04EC0-301F-11D3-BF4B-00C04F79EFBC}") = "ExamenApp", "ExamenApp.csproj", "{8249C12E-CE44-4AFF-89B3-6E7379AD87A0}"
EndProject
Global
	GlobalSection(SolutionConfigurationPlatforms) = preSolution
		Debug|Any CPU = Debug|Any CPU
		Release|Any CPU = Release|Any CPU
	EndGlobalSection
	GlobalSection(ProjectConfigurationPlatforms) = postSolution
		{8249C12E-CE44-4AFF-89B3-6E7379AD87A0}.Debug|Any CPU.ActiveCfg = Debug|Any CPU
		{8249C12E-CE44-4AFF-89B3-6E7379AD87A0}.Debug|Any CPU.Build.0 = Debug|Any CPU
		{8249C12E-CE44-4AFF-89B3-6E7379AD87A0}.Debug|Any CPU.Deploy.0 = Debug|Any CPU
		{8249C12E-CE44-4AFF-89B3-6E7379AD87A0}.Release|Any CPU.ActiveCfg = Release|Any CPU
		{8249C12E-CE44-4AFF-89B3-6E7379AD87A0}.Release|Any CPU.Build.0 = Release|Any CPU
		{8249C12E-CE44-4AFF-89B3-6E7379AD87A0}.Release|Any CPU.Deploy.0 = Release|Any CPU
	EndGlobalSection
	GlobalSection(SolutionProperties) = preSolution
		HideSolutionNode = FALSE
	EndGlobalSection
	GlobalSection(ExtensibilityGlobals) = postSolution
		SolutionGuid = {45FC13C7-B46F-4552-B0A0-CCF6E9A8DB9E}
	EndGlobalSection
EndGlobal
